
Microsoft Visual Studio Solution File, Format Version 12.00
# Visual Studio Version 17
VisualStudioVersion = 17.11.35222.181
MinimumVisualStudioVersion = 10.0.40219.1
Project("{8BC9CEB8-8B4A-11D0-8D11-00A0C91BC942}") = "ConsoleApplication50", "ConsoleApplication50\ConsoleApplication50.vcxproj", "{F1DBA038-C4D2-4020-92A1-319DF1EF9C72}"
EndProject
Global
	GlobalSection(SolutionConfigurationPlatforms) = preSolution
		Debug|x64 = Debug|x64
		Debug|x86 = Debug|x86
		Release|x64 = Release|x64
		Release|x86 = Release|x86
	EndGlobalSection
	GlobalSection(ProjectConfigurationPlatforms) = postSolution
		{F1DBA038-C4D2-4020-92A1-319DF1EF9C72}.Debug|x64.ActiveCfg = Debug|x64
		{F1DBA038-C4D2-4020-92A1-319DF1EF9C72}.Debug|x64.Build.0 = Debug|x64
		{F1DBA038-C4D2-4020-92A1-319DF1EF9C72}.Debug|x86.ActiveCfg = Debug|Win32
		{F1DBA038-C4D2-4020-92A1-319DF1EF9C72}.Debug|x86.Build.0 = Debug|Win32
		{F1DBA038-C4D2-4020-92A1-319DF1EF9C72}.Release|x64.ActiveCfg = Release|x64
		{F1DBA038-C4D2-4020-92A1-319DF1EF9C72}.Release|x64.Build.0 = Release|x64
		{F1DBA038-C4D2-4020-92A1-319DF1EF9C72}.Release|x86.ActiveCfg = Release|Win32
		{F1DBA038-C4D2-4020-92A1-319DF1EF9C72}.Release|x86.Build.0 = Release|Win32
	EndGlobalSection
	GlobalSection(SolutionProperties) = preSolution
		HideSolutionNode = FALSE
	EndGlobalSection
	GlobalSection(ExtensibilityGlobals) = postSolution
		SolutionGuid = {CBB782E1-F0E7-49E2-84D0-DF9C1EF89808}
	EndGlobalSection
EndGlobal
